// !$*UTF8*$!
{
	archiveVersion = 1;
	classes = {
	};
	objectVersion = 46;
	objects = {

/* Begin PBXBuildFile section */
		6D81AD62ADBB3E468ADF1BB8 /* Pods_when_to_work.framework in Frameworks */ = {isa = PBXBuildFile; fileRef = B79989F54F136998B74144CD /* Pods_when_to_work.framework */; };
		6F3DC2481EDE7BB100F5BBE6 /* AppDelegate.swift in Sources */ = {isa = PBXBuildFile; fileRef = 6F3DC2471EDE7BB100F5BBE6 /* AppDelegate.swift */; };
		6F3DC24A1EDE7BB100F5BBE6 /* GameScene.sks in Resources */ = {isa = PBXBuildFile; fileRef = 6F3DC2491EDE7BB100F5BBE6 /* GameScene.sks */; };
		6F3DC24C1EDE7BB100F5BBE6 /* Actions.sks in Resources */ = {isa = PBXBuildFile; fileRef = 6F3DC24B1EDE7BB100F5BBE6 /* Actions.sks */; };
		6F3DC24E1EDE7BB100F5BBE6 /* GameScene.swift in Sources */ = {isa = PBXBuildFile; fileRef = 6F3DC24D1EDE7BB100F5BBE6 /* GameScene.swift */; };
		6F3DC2501EDE7BB100F5BBE6 /* ViewController.swift in Sources */ = {isa = PBXBuildFile; fileRef = 6F3DC24F1EDE7BB100F5BBE6 /* ViewController.swift */; };
		6F3DC2521EDE7BB100F5BBE6 /* Assets.xcassets in Resources */ = {isa = PBXBuildFile; fileRef = 6F3DC2511EDE7BB100F5BBE6 /* Assets.xcassets */; };
		6F3DC2551EDE7BB100F5BBE6 /* Main.storyboard in Resources */ = {isa = PBXBuildFile; fileRef = 6F3DC2531EDE7BB100F5BBE6 /* Main.storyboard */; };
		6F6D489C1EDFE38D007E6E2B /* DayBar.swift in Sources */ = {isa = PBXBuildFile; fileRef = 6F6D489B1EDFE38D007E6E2B /* DayBar.swift */; };
/* End PBXBuildFile section */

/* Begin PBXFileReference section */
		6F3DC2441EDE7BB100F5BBE6 /* when-to-work.app */ = {isa = PBXFileReference; explicitFileType = wrapper.application; includeInIndex = 0; path = "when-to-work.app"; sourceTree = BUILT_PRODUCTS_DIR; };
		6F3DC2471EDE7BB100F5BBE6 /* AppDelegate.swift */ = {isa = PBXFileReference; lastKnownFileType = sourcecode.swift; path = AppDelegate.swift; sourceTree = "<group>"; };
		6F3DC2491EDE7BB100F5BBE6 /* GameScene.sks */ = {isa = PBXFileReference; lastKnownFileType = file.sks; path = GameScene.sks; sourceTree = "<group>"; };
		6F3DC24B1EDE7BB100F5BBE6 /* Actions.sks */ = {isa = PBXFileReference; lastKnownFileType = file.sks; path = Actions.sks; sourceTree = "<group>"; };
		6F3DC24D1EDE7BB100F5BBE6 /* GameScene.swift */ = {isa = PBXFileReference; lastKnownFileType = sourcecode.swift; path = GameScene.swift; sourceTree = "<group>"; };
		6F3DC24F1EDE7BB100F5BBE6 /* ViewController.swift */ = {isa = PBXFileReference; lastKnownFileType = sourcecode.swift; path = ViewController.swift; sourceTree = "<group>"; };
		6F3DC2511EDE7BB100F5BBE6 /* Assets.xcassets */ = {isa = PBXFileReference; lastKnownFileType = folder.assetcatalog; path = Assets.xcassets; sourceTree = "<group>"; };
		6F3DC2541EDE7BB100F5BBE6 /* Base */ = {isa = PBXFileReference; lastKnownFileType = file.storyboard; name = Base; path = Base.lproj/Main.storyboard; sourceTree = "<group>"; };
		6F3DC2561EDE7BB100F5BBE6 /* Info.plist */ = {isa = PBXFileReference; lastKnownFileType = text.plist.xml; path = Info.plist; sourceTree = "<group>"; };
		6F6D489B1EDFE38D007E6E2B /* DayBar.swift */ = {isa = PBXFileReference; fileEncoding = 4; lastKnownFileType = sourcecode.swift; path = DayBar.swift; sourceTree = "<group>"; };
		B79989F54F136998B74144CD /* Pods_when_to_work.framework */ = {isa = PBXFileReference; explicitFileType = wrapper.framework; includeInIndex = 0; path = Pods_when_to_work.framework; sourceTree = BUILT_PRODUCTS_DIR; };
		BAF8FC46BAB63FF373A68126 /* Pods-when-to-work.debug.xcconfig */ = {isa = PBXFileReference; includeInIndex = 1; lastKnownFileType = text.xcconfig; name = "Pods-when-to-work.debug.xcconfig"; path = "Pods/Target Support Files/Pods-when-to-work/Pods-when-to-work.debug.xcconfig"; sourceTree = "<group>"; };
		DB6F1EDABF605FEC02F1BCF4 /* Pods-when-to-work.release.xcconfig */ = {isa = PBXFileReference; includeInIndex = 1; lastKnownFileType = text.xcconfig; name = "Pods-when-to-work.release.xcconfig"; path = "Pods/Target Support Files/Pods-when-to-work/Pods-when-to-work.release.xcconfig"; sourceTree = "<group>"; };
/* End PBXFileReference section */

/* Begin PBXFrameworksBuildPhase section */
		6F3DC2411EDE7BB100F5BBE6 /* Frameworks */ = {
			isa = PBXFrameworksBuildPhase;
			buildActionMask = 2147483647;
			files = (
				6D81AD62ADBB3E468ADF1BB8 /* Pods_when_to_work.framework in Frameworks */,
			);
			runOnlyForDeploymentPostprocessing = 0;
		};
/* End PBXFrameworksBuildPhase section */

/* Begin PBXGroup section */
		6F3DC23B1EDE7BB100F5BBE6 = {
			isa = PBXGroup;
			children = (
				6F3DC2461EDE7BB100F5BBE6 /* when-to-work */,
				6F3DC2451EDE7BB100F5BBE6 /* Products */,
				7DAD1D61EAC4E9724EDD82D6 /* Pods */,
				8E3EA8B4C1ABA0EAB6E3891A /* Frameworks */,
			);
			sourceTree = "<group>";
		};
		6F3DC2451EDE7BB100F5BBE6 /* Products */ = {
			isa = PBXGroup;
			children = (
				6F3DC2441EDE7BB100F5BBE6 /* when-to-work.app */,
			);
			name = Products;
			sourceTree = "<group>";
		};
		6F3DC2461EDE7BB100F5BBE6 /* when-to-work */ = {
			isa = PBXGroup;
			children = (
				6F3DC2471EDE7BB100F5BBE6 /* AppDelegate.swift */,
				6F3DC2491EDE7BB100F5BBE6 /* GameScene.sks */,
				6F3DC24B1EDE7BB100F5BBE6 /* Actions.sks */,
				6F3DC24D1EDE7BB100F5BBE6 /* GameScene.swift */,
				6F3DC24F1EDE7BB100F5BBE6 /* ViewController.swift */,
				6F3DC2511EDE7BB100F5BBE6 /* Assets.xcassets */,
				6F3DC2531EDE7BB100F5BBE6 /* Main.storyboard */,
				6F3DC2561EDE7BB100F5BBE6 /* Info.plist */,
				6F6D489B1EDFE38D007E6E2B /* DayBar.swift */,
			);
			path = "when-to-work";
			sourceTree = "<group>";
		};
		7DAD1D61EAC4E9724EDD82D6 /* Pods */ = {
			isa = PBXGroup;
			children = (
				BAF8FC46BAB63FF373A68126 /* Pods-when-to-work.debug.xcconfig */,
				DB6F1EDABF605FEC02F1BCF4 /* Pods-when-to-work.release.xcconfig */,
			);
			name = Pods;
			sourceTree = "<group>";
		};
		8E3EA8B4C1ABA0EAB6E3891A /* Frameworks */ = {
			isa = PBXGroup;
			children = (
				B79989F54F136998B74144CD /* Pods_when_to_work.framework */,
			);
			name = Frameworks;
			sourceTree = "<group>";
		};
/* End PBXGroup section */

/* Begin PBXNativeTarget section */
		6F3DC2431EDE7BB100F5BBE6 /* when-to-work */ = {
			isa = PBXNativeTarget;
			buildConfigurationList = 6F3DC2591EDE7BB100F5BBE6 /* Build configuration list for PBXNativeTarget "when-to-work" */;
			buildPhases = (
				B358CFAAB203D954962230D6 /* [CP] Check Pods Manifest.lock */,
				6F3DC2401EDE7BB100F5BBE6 /* Sources */,
				6F3DC2411EDE7BB100F5BBE6 /* Frameworks */,
				6F3DC2421EDE7BB100F5BBE6 /* Resources */,
				51DF363FBBBD78F8568FFB14 /* [CP] Embed Pods Frameworks */,
				001A508B751C6E33C21442A8 /* [CP] Copy Pods Resources */,
			);
			buildRules = (
			);
			dependencies = (
			);
			name = "when-to-work";
			productName = "when-to-work";
			productReference = 6F3DC2441EDE7BB100F5BBE6 /* when-to-work.app */;
			productType = "com.apple.product-type.application";
		};
/* End PBXNativeTarget section */

/* Begin PBXProject section */
		6F3DC23C1EDE7BB100F5BBE6 /* Project object */ = {
			isa = PBXProject;
			attributes = {
				LastSwiftUpdateCheck = 0830;
				LastUpgradeCheck = 0830;
				ORGANIZATIONNAME = "David Kouřil";
				TargetAttributes = {
					6F3DC2431EDE7BB100F5BBE6 = {
						CreatedOnToolsVersion = 8.3.2;
						ProvisioningStyle = Automatic;
					};
				};
			};
			buildConfigurationList = 6F3DC23F1EDE7BB100F5BBE6 /* Build configuration list for PBXProject "when-to-work" */;
			compatibilityVersion = "Xcode 3.2";
			developmentRegion = English;
			hasScannedForEncodings = 0;
			knownRegions = (
				en,
				Base,
			);
			mainGroup = 6F3DC23B1EDE7BB100F5BBE6;
			productRefGroup = 6F3DC2451EDE7BB100F5BBE6 /* Products */;
			projectDirPath = "";
			projectRoot = "";
			targets = (
				6F3DC2431EDE7BB100F5BBE6 /* when-to-work */,
			);
		};
/* End PBXProject section */

/* Begin PBXResourcesBuildPhase section */
		6F3DC2421EDE7BB100F5BBE6 /* Resources */ = {
			isa = PBXResourcesBuildPhase;
			buildActionMask = 2147483647;
			files = (
				6F3DC24A1EDE7BB100F5BBE6 /* GameScene.sks in Resources */,
				6F3DC2521EDE7BB100F5BBE6 /* Assets.xcassets in Resources */,
				6F3DC24C1EDE7BB100F5BBE6 /* Actions.sks in Resources */,
				6F3DC2551EDE7BB100F5BBE6 /* Main.storyboard in Resources */,
			);
			runOnlyForDeploymentPostprocessing = 0;
		};
/* End PBXResourcesBuildPhase section */

/* Begin PBXShellScriptBuildPhase section */
		001A508B751C6E33C21442A8 /* [CP] Copy Pods Resources */ = {
			isa = PBXShellScriptBuildPhase;
			buildActionMask = 2147483647;
			files = (
			);
			inputPaths = (
			);
			name = "[CP] Copy Pods Resources";
			outputPaths = (
			);
			runOnlyForDeploymentPostprocessing = 0;
			shellPath = /bin/sh;
			shellScript = "\"${SRCROOT}/Pods/Target Support Files/Pods-when-to-work/Pods-when-to-work-resources.sh\"\n";
			showEnvVarsInLog = 0;
		};
		51DF363FBBBD78F8568FFB14 /* [CP] Embed Pods Frameworks */ = {
			isa = PBXShellScriptBuildPhase;
			buildActionMask = 2147483647;
			files = (
			);
			inputPaths = (
			);
			name = "[CP] Embed Pods Frameworks";
			outputPaths = (
			);
			runOnlyForDeploymentPostprocessing = 0;
			shellPath = /bin/sh;
			shellScript = "\"${SRCROOT}/Pods/Target Support Files/Pods-when-to-work/Pods-when-to-work-frameworks.sh\"\n";
			showEnvVarsInLog = 0;
		};
		B358CFAAB203D954962230D6 /* [CP] Check Pods Manifest.lock */ = {
			isa = PBXShellScriptBuildPhase;
			buildActionMask = 2147483647;
			files = (
			);
			inputPaths = (
			);
			name = "[CP] Check Pods Manifest.lock";
			outputPaths = (
			);
			runOnlyForDeploymentPostprocessing = 0;
			shellPath = /bin/sh;
			shellScript = "diff \"${PODS_PODFILE_DIR_PATH}/Podfile.lock\" \"${PODS_ROOT}/Manifest.lock\" > /dev/null\nif [ $? != 0 ] ; then\n    # print error to STDERR\n    echo \"error: The sandbox is not in sync with the Podfile.lock. Run 'pod install' or update your CocoaPods installation.\" >&2\n    exit 1\nfi\n";
			showEnvVarsInLog = 0;
		};
/* End PBXShellScriptBuildPhase section */

/* Begin PBXSourcesBuildPhase section */
		6F3DC2401EDE7BB100F5BBE6 /* Sources */ = {
			isa = PBXSourcesBuildPhase;
			buildActionMask = 2147483647;
			files = (
				6F3DC2501EDE7BB100F5BBE6 /* ViewController.swift in Sources */,
				6F3DC24E1EDE7BB100F5BBE6 /* GameScene.swift in Sources */,
				6F6D489C1EDFE38D007E6E2B /* DayBar.swift in Sources */,
				6F3DC2481EDE7BB100F5BBE6 /* AppDelegate.swift in Sources */,
			);
			runOnlyForDeploymentPostprocessing = 0;
		};
/* End PBXSourcesBuildPhase section */

/* Begin PBXVariantGroup section */
		6F3DC2531EDE7BB100F5BBE6 /* Main.storyboard */ = {
			isa = PBXVariantGroup;
			children = (
				6F3DC2541EDE7BB100F5BBE6 /* Base */,
			);
			name = Main.storyboard;
			sourceTree = "<group>";
		};
/* End PBXVariantGroup section */

/* Begin XCBuildConfiguration section */
		6F3DC2571EDE7BB100F5BBE6 /* Debug */ = {
			isa = XCBuildConfiguration;
			buildSettings = {
				ALWAYS_SEARCH_USER_PATHS = NO;
				CLANG_ANALYZER_NONNULL = YES;
				CLANG_ANALYZER_NUMBER_OBJECT_CONVERSION = YES_AGGRESSIVE;
				CLANG_CXX_LANGUAGE_STANDARD = "gnu++0x";
				CLANG_CXX_LIBRARY = "libc++";
				CLANG_ENABLE_MODULES = YES;
				CLANG_ENABLE_OBJC_ARC = YES;
				CLANG_WARN_BOOL_CONVERSION = YES;
				CLANG_WARN_CONSTANT_CONVERSION = YES;
				CLANG_WARN_DIRECT_OBJC_ISA_USAGE = YES_ERROR;
				CLANG_WARN_DOCUMENTATION_COMMENTS = YES;
				CLANG_WARN_EMPTY_BODY = YES;
				CLANG_WARN_ENUM_CONVERSION = YES;
				CLANG_WARN_INFINITE_RECURSION = YES;
				CLANG_WARN_INT_CONVERSION = YES;
				CLANG_WARN_OBJC_ROOT_CLASS = YES_ERROR;
				CLANG_WARN_SUSPICIOUS_MOVE = YES;
				CLANG_WARN_UNREACHABLE_CODE = YES;
				CLANG_WARN__DUPLICATE_METHOD_MATCH = YES;
				CODE_SIGN_IDENTITY = "-";
				COPY_PHASE_STRIP = NO;
				DEBUG_INFORMATION_FORMAT = dwarf;
				ENABLE_STRICT_OBJC_MSGSEND = YES;
				ENABLE_TESTABILITY = YES;
				GCC_C_LANGUAGE_STANDARD = gnu99;
				GCC_DYNAMIC_NO_PIC = NO;
				GCC_NO_COMMON_BLOCKS = YES;
				GCC_OPTIMIZATION_LEVEL = 0;
				GCC_PREPROCESSOR_DEFINITIONS = (
					"DEBUG=1",
					"$(inherited)",
				);
				GCC_WARN_64_TO_32_BIT_CONVERSION = YES;
				GCC_WARN_ABOUT_RETURN_TYPE = YES_ERROR;
				GCC_WARN_UNDECLARED_SELECTOR = YES;
				GCC_WARN_UNINITIALIZED_AUTOS = YES_AGGRESSIVE;
				GCC_WARN_UNUSED_FUNCTION = YES;
				GCC_WARN_UNUSED_VARIABLE = YES;
				MACOSX_DEPLOYMENT_TARGET = 10.12;
				MTL_ENABLE_DEBUG_INFO = YES;
				ONLY_ACTIVE_ARCH = YES;
				SDKROOT = macosx;
				SWIFT_ACTIVE_COMPILATION_CONDITIONS = DEBUG;
				SWIFT_OPTIMIZATION_LEVEL = "-Onone";
			};
			name = Debug;
		};
		6F3DC2581EDE7BB100F5BBE6 /* Release */ = {
			isa = XCBuildConfiguration;
			buildSettings = {
				ALWAYS_SEARCH_USER_PATHS = NO;
				CLANG_ANALYZER_NONNULL = YES;
				CLANG_ANALYZER_NUMBER_OBJECT_CONVERSION = YES_AGGRESSIVE;
				CLANG_CXX_LANGUAGE_STANDARD = "gnu++0x";
				CLANG_CXX_LIBRARY = "libc++";
				CLANG_ENABLE_MODULES = YES;
				CLANG_ENABLE_OBJC_ARC = YES;
				CLANG_WARN_BOOL_CONVERSION = YES;
				CLANG_WARN_CONSTANT_CONVERSION = YES;
				CLANG_WARN_DIRECT_OBJC_ISA_USAGE = YES_ERROR;
				CLANG_WARN_DOCUMENTATION_COMMENTS = YES;
				CLANG_WARN_EMPTY_BODY = YES;
				CLANG_WARN_ENUM_CONVERSION = YES;
				CLANG_WARN_INFINITE_RECURSION = YES;
				CLANG_WARN_INT_CONVERSION = YES;
				CLANG_WARN_OBJC_ROOT_CLASS = YES_ERROR;
				CLANG_WARN_SUSPICIOUS_MOVE = YES;
				CLANG_WARN_UNREACHABLE_CODE = YES;
				CLANG_WARN__DUPLICATE_METHOD_MATCH = YES;
				CODE_SIGN_IDENTITY = "-";
				COPY_PHASE_STRIP = NO;
				DEBUG_INFORMATION_FORMAT = "dwarf-with-dsym";
				ENABLE_NS_ASSERTIONS = NO;
				ENABLE_STRICT_OBJC_MSGSEND = YES;
				GCC_C_LANGUAGE_STANDARD = gnu99;
				GCC_NO_COMMON_BLOCKS = YES;
				GCC_WARN_64_TO_32_BIT_CONVERSION = YES;
				GCC_WARN_ABOUT_RETURN_TYPE = YES_ERROR;
				GCC_WARN_UNDECLARED_SELECTOR = YES;
				GCC_WARN_UNINITIALIZED_AUTOS = YES_AGGRESSIVE;
				GCC_WARN_UNUSED_FUNCTION = YES;
				GCC_WARN_UNUSED_VARIABLE = YES;
				MACOSX_DEPLOYMENT_TARGET = 10.12;
				MTL_ENABLE_DEBUG_INFO = NO;
				SDKROOT = macosx;
				SWIFT_OPTIMIZATION_LEVEL = "-Owholemodule";
			};
			name = Release;
		};
		6F3DC25A1EDE7BB100F5BBE6 /* Debug */ = {
			isa = XCBuildConfiguration;
			baseConfigurationReference = BAF8FC46BAB63FF373A68126 /* Pods-when-to-work.debug.xcconfig */;
			buildSettings = {
				ASSETCATALOG_COMPILER_APPICON_NAME = AppIcon;
				COMBINE_HIDPI_IMAGES = YES;
				INFOPLIST_FILE = "when-to-work/Info.plist";
				LD_RUNPATH_SEARCH_PATHS = "$(inherited) @executable_path/../Frameworks";
				PRODUCT_BUNDLE_IDENTIFIER = "dvdkouril.when-to-work";
				PRODUCT_NAME = "$(TARGET_NAME)";
				SWIFT_VERSION = 3.0;
			};
			name = Debug;
		};
		6F3DC25B1EDE7BB100F5BBE6 /* Release */ = {
			isa = XCBuildConfiguration;
			baseConfigurationReference = DB6F1EDABF605FEC02F1BCF4 /* Pods-when-to-work.release.xcconfig */;
			buildSettings = {
				ASSETCATALOG_COMPILER_APPICON_NAME = AppIcon;
				COMBINE_HIDPI_IMAGES = YES;
				INFOPLIST_FILE = "when-to-work/Info.plist";
				LD_RUNPATH_SEARCH_PATHS = "$(inherited) @executable_path/../Frameworks";
				PRODUCT_BUNDLE_IDENTIFIER = "dvdkouril.when-to-work";
				PRODUCT_NAME = "$(TARGET_NAME)";
				SWIFT_VERSION = 3.0;
			};
			name = Release;
		};
/* End XCBuildConfiguration section */

/* Begin XCConfigurationList section */
		6F3DC23F1EDE7BB100F5BBE6 /* Build configuration list for PBXProject "when-to-work" */ = {
			isa = XCConfigurationList;
			buildConfigurations = (
				6F3DC2571EDE7BB100F5BBE6 /* Debug */,
				6F3DC2581EDE7BB100F5BBE6 /* Release */,
			);
			defaultConfigurationIsVisible = 0;
			defaultConfigurationName = Release;
		};
		6F3DC2591EDE7BB100F5BBE6 /* Build configuration list for PBXNativeTarget "when-to-work" */ = {
			isa = XCConfigurationList;
			buildConfigurations = (
				6F3DC25A1EDE7BB100F5BBE6 /* Debug */,
				6F3DC25B1EDE7BB100F5BBE6 /* Release */,
			);
			defaultConfigurationIsVisible = 0;
			defaultConfigurationName = Release;
		};
/* End XCConfigurationList section */
	};
	rootObject = 6F3DC23C1EDE7BB100F5BBE6 /* Project object */;
}
